<Solution>
  <Folder Name="/src/">
    <Project Path="src/Etp.Reporting.Application/Etp.Reporting.Application.csproj" />
    <Project Path="src/Etp.Reporting.Desktop/Etp.Reporting.Desktop.csproj" />
    <Project Path="src/Etp.Reporting.Domain/Etp.Reporting.Domain.csproj" />
    <Project Path="src/Etp.Reporting.Import/Etp.Reporting.Import.csproj" />
    <Project Path="src/Etp.Reporting.Infrastructure.SqlServer/Etp.Reporting.Infrastructure.SqlServer.csproj" />
    <Project Path="src/Etp.Reporting.Reporting/Etp.Reporting.Reporting.csproj" />
  </Folder>
  <Folder Name="/tests-dotnet/">
    <Project Path="tests-dotnet/Etp.Reporting.Desktop.Tests/Etp.Reporting.Desktop.Tests.csproj" />
    <Project Path="tests-dotnet/Etp.Reporting.Domain.Tests/Etp.Reporting.Domain.Tests.csproj" />
    <Project Path="tests-dotnet/Etp.Reporting.Import.Tests/Etp.Reporting.Import.Tests.csproj" />
    <Project Path="tests-dotnet/Etp.Reporting.Reporting.Tests/Etp.Reporting.Reporting.Tests.csproj" />
    <Project Path="tests-dotnet/Etp.Reporting.SqlServer.Tests/Etp.Reporting.SqlServer.Tests.csproj" />
  </Folder>
  <Folder Name="/tools/">
    <Project Path="tools/Etp.Reporting.DsrSmoke/Etp.Reporting.DsrSmoke.csproj" />
    <Project Path="tools/Etp.Reporting.ExportSmoke/Etp.Reporting.ExportSmoke.csproj" />
    <Project Path="tools/Etp.Reporting.FunctionAudit/Etp.Reporting.FunctionAudit.csproj" />
    <Project Path="tools/Etp.Reporting.LiveSmoke/Etp.Reporting.LiveSmoke.csproj" />
    <Project Path="tools/Etp.Reporting.PerformanceSmoke/Etp.Reporting.PerformanceSmoke.csproj" />
    <Project Path="tools/Etp.Reporting.Smoke/Etp.Reporting.Smoke.csproj" />
    <Project Path="tools/Etp.Reporting.UiSmoke/Etp.Reporting.UiSmoke.csproj" />
  </Folder>
</Solution>
